
Microsoft Visual Studio Solution File, Format Version 12.00
# Visual Studio 2012
Project("{FAE04EC0-301F-11D3-BF4B-00C04F79EFBC}") = "Sungiant.Cloud (net40)", "Sungiant.Cloud\Sungiant.Cloud (net40).csproj", "{39484047-9CD3-48FE-8D58-220ED4D4106D}"
EndProject
Project("{FAE04EC0-301F-11D3-BF4B-00C04F79EFBC}") = "Sungiant.Djinn (net40)", "Sungiant.Djinn\Sungiant.Djinn (net40).csproj", "{7B1E3659-071D-44B1-B32E-0C1882D35C17}"
EndProject
Project("{FAE04EC0-301F-11D3-BF4B-00C04F79EFBC}") = "Sungiant.Core (net40)", "Sungiant.Core\Sungiant.Core (net40).csproj", "{043738D8-7F8A-423C-BE25-F11A08F77F35}"
EndProject
Project("{2150E333-8FDC-42A3-9474-1A3956D46DE8}") = "Contrib", "Contrib", "{A95B02E0-D263-4EF0-8663-B03A9327734E}"
EndProject
Project("{FAE04EC0-301F-11D3-BF4B-00C04F79EFBC}") = "ServiceStack.Text.Net40", "..\..\submodules\ServiceStack.Text\src\ServiceStack.Text.Net40\ServiceStack.Text.Net40.csproj", "{15BF26C8-92F8-445D-8FFC-7882A519B67D}"
EndProject
Project("{FAE04EC0-301F-11D3-BF4B-00C04F79EFBC}") = "AWSSDKSrc", "..\..\submodules\aws-sdk-net\AWSSDK\AWSSDKSrc.csproj", "{40E91E2D-70F3-463D-9E3E-408AE2A70BA8}"
EndProject
Project("{FAE04EC0-301F-11D3-BF4B-00C04F79EFBC}") = "NDesk.Options (net40)", "..\..\submodules\ndesk-options-mirror\custom_projects\NDesk.Options\NDesk.Options (net40).csproj", "{4DB54B83-D948-4D70-86BD-5EE2DC8E2CE8}"
EndProject
Global
	GlobalSection(SolutionConfigurationPlatforms) = preSolution
		Debug|Any CPU = Debug|Any CPU
		Release|Any CPU = Release|Any CPU
		Debug|x86 = Debug|x86
		Release|x86 = Release|x86
		ReleaseSigned|Any CPU = ReleaseSigned|Any CPU
	EndGlobalSection
	GlobalSection(ProjectConfigurationPlatforms) = postSolution
		{043738D8-7F8A-423C-BE25-F11A08F77F35}.Debug|Any CPU.ActiveCfg = Debug|Any CPU
		{043738D8-7F8A-423C-BE25-F11A08F77F35}.Debug|Any CPU.Build.0 = Debug|Any CPU
		{043738D8-7F8A-423C-BE25-F11A08F77F35}.Debug|x86.ActiveCfg = Debug|Any CPU
		{043738D8-7F8A-423C-BE25-F11A08F77F35}.Debug|x86.Build.0 = Debug|Any CPU
		{043738D8-7F8A-423C-BE25-F11A08F77F35}.Release|Any CPU.ActiveCfg = Release|Any CPU
		{043738D8-7F8A-423C-BE25-F11A08F77F35}.Release|Any CPU.Build.0 = Release|Any CPU
		{043738D8-7F8A-423C-BE25-F11A08F77F35}.Release|x86.ActiveCfg = Release|Any CPU
		{043738D8-7F8A-423C-BE25-F11A08F77F35}.Release|x86.Build.0 = Release|Any CPU
		{043738D8-7F8A-423C-BE25-F11A08F77F35}.ReleaseSigned|Any CPU.ActiveCfg = Debug|Any CPU
		{043738D8-7F8A-423C-BE25-F11A08F77F35}.ReleaseSigned|Any CPU.Build.0 = Debug|Any CPU
		{15BF26C8-92F8-445D-8FFC-7882A519B67D}.Debug|Any CPU.ActiveCfg = Debug|Any CPU
		{15BF26C8-92F8-445D-8FFC-7882A519B67D}.Debug|Any CPU.Build.0 = Debug|Any CPU
		{15BF26C8-92F8-445D-8FFC-7882A519B67D}.Debug|x86.ActiveCfg = Debug|Any CPU
		{15BF26C8-92F8-445D-8FFC-7882A519B67D}.Debug|x86.Build.0 = Debug|Any CPU
		{15BF26C8-92F8-445D-8FFC-7882A519B67D}.Release|Any CPU.ActiveCfg = Release|Any CPU
		{15BF26C8-92F8-445D-8FFC-7882A519B67D}.Release|Any CPU.Build.0 = Release|Any CPU
		{15BF26C8-92F8-445D-8FFC-7882A519B67D}.Release|x86.ActiveCfg = Release|Any CPU
		{15BF26C8-92F8-445D-8FFC-7882A519B67D}.Release|x86.Build.0 = Release|Any CPU
		{15BF26C8-92F8-445D-8FFC-7882A519B67D}.ReleaseSigned|Any CPU.ActiveCfg = Debug|Any CPU
		{15BF26C8-92F8-445D-8FFC-7882A519B67D}.ReleaseSigned|Any CPU.Build.0 = Debug|Any CPU
		{39484047-9CD3-48FE-8D58-220ED4D4106D}.Debug|Any CPU.ActiveCfg = Debug|Any CPU
		{39484047-9CD3-48FE-8D58-220ED4D4106D}.Debug|Any CPU.Build.0 = Debug|Any CPU
		{39484047-9CD3-48FE-8D58-220ED4D4106D}.Debug|x86.ActiveCfg = Debug|Any CPU
		{39484047-9CD3-48FE-8D58-220ED4D4106D}.Debug|x86.Build.0 = Debug|Any CPU
		{39484047-9CD3-48FE-8D58-220ED4D4106D}.Release|Any CPU.ActiveCfg = Release|Any CPU
		{39484047-9CD3-48FE-8D58-220ED4D4106D}.Release|Any CPU.Build.0 = Release|Any CPU
		{39484047-9CD3-48FE-8D58-220ED4D4106D}.Release|x86.ActiveCfg = Release|Any CPU
		{39484047-9CD3-48FE-8D58-220ED4D4106D}.Release|x86.Build.0 = Release|Any CPU
		{39484047-9CD3-48FE-8D58-220ED4D4106D}.ReleaseSigned|Any CPU.ActiveCfg = Debug|Any CPU
		{39484047-9CD3-48FE-8D58-220ED4D4106D}.ReleaseSigned|Any CPU.Build.0 = Debug|Any CPU
		{40E91E2D-70F3-463D-9E3E-408AE2A70BA8}.Debug|Any CPU.ActiveCfg = Debug|Any CPU
		{40E91E2D-70F3-463D-9E3E-408AE2A70BA8}.Debug|Any CPU.Build.0 = Debug|Any CPU
		{40E91E2D-70F3-463D-9E3E-408AE2A70BA8}.Debug|x86.ActiveCfg = Debug|Any CPU
		{40E91E2D-70F3-463D-9E3E-408AE2A70BA8}.Debug|x86.Build.0 = Debug|Any CPU
		{40E91E2D-70F3-463D-9E3E-408AE2A70BA8}.Release|Any CPU.ActiveCfg = Release|Any CPU
		{40E91E2D-70F3-463D-9E3E-408AE2A70BA8}.Release|Any CPU.Build.0 = Release|Any CPU
		{40E91E2D-70F3-463D-9E3E-408AE2A70BA8}.Release|x86.ActiveCfg = Release|Any CPU
		{40E91E2D-70F3-463D-9E3E-408AE2A70BA8}.Release|x86.Build.0 = Release|Any CPU
		{40E91E2D-70F3-463D-9E3E-408AE2A70BA8}.ReleaseSigned|Any CPU.ActiveCfg = Debug|Any CPU
		{40E91E2D-70F3-463D-9E3E-408AE2A70BA8}.ReleaseSigned|Any CPU.Build.0 = Debug|Any CPU
		{4DB54B83-D948-4D70-86BD-5EE2DC8E2CE8}.Debug|Any CPU.ActiveCfg = Debug|Any CPU
		{4DB54B83-D948-4D70-86BD-5EE2DC8E2CE8}.Debug|Any CPU.Build.0 = Debug|Any CPU
		{4DB54B83-D948-4D70-86BD-5EE2DC8E2CE8}.Debug|x86.ActiveCfg = Debug|Any CPU
		{4DB54B83-D948-4D70-86BD-5EE2DC8E2CE8}.Debug|x86.Build.0 = Debug|Any CPU
		{4DB54B83-D948-4D70-86BD-5EE2DC8E2CE8}.Release|Any CPU.ActiveCfg = Release|Any CPU
		{4DB54B83-D948-4D70-86BD-5EE2DC8E2CE8}.Release|Any CPU.Build.0 = Release|Any CPU
		{4DB54B83-D948-4D70-86BD-5EE2DC8E2CE8}.Release|x86.ActiveCfg = Release|Any CPU
		{4DB54B83-D948-4D70-86BD-5EE2DC8E2CE8}.Release|x86.Build.0 = Release|Any CPU
		{4DB54B83-D948-4D70-86BD-5EE2DC8E2CE8}.ReleaseSigned|Any CPU.ActiveCfg = Debug|Any CPU
		{4DB54B83-D948-4D70-86BD-5EE2DC8E2CE8}.ReleaseSigned|Any CPU.Build.0 = Debug|Any CPU
		{7B1E3659-071D-44B1-B32E-0C1882D35C17}.Debug|Any CPU.ActiveCfg = Debug|Any CPU
		{7B1E3659-071D-44B1-B32E-0C1882D35C17}.Debug|Any CPU.Build.0 = Debug|Any CPU
		{7B1E3659-071D-44B1-B32E-0C1882D35C17}.Debug|x86.ActiveCfg = Debug|Any CPU
		{7B1E3659-071D-44B1-B32E-0C1882D35C17}.Debug|x86.Build.0 = Debug|Any CPU
		{7B1E3659-071D-44B1-B32E-0C1882D35C17}.Release|Any CPU.ActiveCfg = Release|Any CPU
		{7B1E3659-071D-44B1-B32E-0C1882D35C17}.Release|Any CPU.Build.0 = Release|Any CPU
		{7B1E3659-071D-44B1-B32E-0C1882D35C17}.Release|x86.ActiveCfg = Release|Any CPU
		{7B1E3659-071D-44B1-B32E-0C1882D35C17}.Release|x86.Build.0 = Release|Any CPU
		{7B1E3659-071D-44B1-B32E-0C1882D35C17}.ReleaseSigned|Any CPU.ActiveCfg = Debug|Any CPU
		{7B1E3659-071D-44B1-B32E-0C1882D35C17}.ReleaseSigned|Any CPU.Build.0 = Debug|Any CPU
		{39484047-9CD3-48FE-8D58-110ED4D4106D}.Debug|Any CPU.ActiveCfg = Debug|Any CPU
		{39484047-9CD3-48FE-8D58-110ED4D4106D}.Debug|Any CPU.ActiveCfg = Debug|Any CPU
		{39484047-9CD3-48FE-8D58-110ED4D4106D}.Debug|Any CPU.Build.0 = Debug|Any CPU
		{39484047-9CD3-48FE-8D58-110ED4D4106D}.Debug|Any CPU.Build.0 = Debug|Any CPU
		{39484047-9CD3-48FE-8D58-110ED4D4106D}.Release|Any CPU.ActiveCfg = Release|Any CPU
		{39484047-9CD3-48FE-8D58-110ED4D4106D}.Release|Any CPU.ActiveCfg = Release|Any CPU
		{39484047-9CD3-48FE-8D58-110ED4D4106D}.Release|Any CPU.Build.0 = Release|Any CPU
		{39484047-9CD3-48FE-8D58-110ED4D4106D}.Release|Any CPU.Build.0 = Release|Any CPU
	EndGlobalSection
	GlobalSection(NestedProjects) = preSolution
		{15BF26C8-92F8-445D-8FFC-7882A519B67D} = {A95B02E0-D263-4EF0-8663-B03A9327734E}
		{40E91E2D-70F3-463D-9E3E-408AE2A70BA8} = {A95B02E0-D263-4EF0-8663-B03A9327734E}
		{4DB54B83-D948-4D70-86BD-5EE2DC8E2CE8} = {A95B02E0-D263-4EF0-8663-B03A9327734E}
	EndGlobalSection
	GlobalSection(MonoDevelopProperties) = preSolution
		StartupItem = Sungiant.Djinn\Sungiant.Djinn (net40).csproj
	EndGlobalSection
	GlobalSection(SolutionProperties) = preSolution
		HideSolutionNode = FALSE
	EndGlobalSection
EndGlobal
